
Microsoft Visual Studio Solution File, Format Version 12.00
# Visual Studio 15
VisualStudioVersion = 15.0.26430.13
MinimumVisualStudioVersion = 10.0.40219.1
Project("{9A19103F-16F7-4668-BE54-9A1E7A4F7556}") = "PNI.EShop.UI", "PNI.EShop.UI\PNI.EShop.UI.csproj", "{5CDAB248-1169-44A4-B153-C78D9B42AD19}"
EndProject
Project("{9A19103F-16F7-4668-BE54-9A1E7A4F7556}") = "PNI.EShop.Core", "PNI.EShop.Core\PNI.EShop.Core.csproj", "{BFAEA5EA-6DE5-4B7D-8070-C157B71E5DD2}"
EndProject
Project("{FAE04EC0-301F-11D3-BF4B-00C04F79EFBC}") = "PNI.DDD.Core", "PNI.DDD.Core\PNI.DDD.Core.csproj", "{DA0649E5-85A2-4871-974F-DED93F9B08A7}"
EndProject
Project("{FAE04EC0-301F-11D3-BF4B-00C04F79EFBC}") = "PNI.EShop.Domain", "PNI.EShop.Domain\PNI.EShop.Domain.csproj", "{9A30F35D-27BC-4FB2-9A6E-FE80B9F7EB8E}"
EndProject
Project("{A07B5EB6-E848-4116-A8D0-A826331D98C6}") = "PNI.EShop.API", "PNI.EShop.API\PNI.EShop.API.sfproj", "{FAD054BF-D1B2-4CC9-894C-B16844EAF02B}"
EndProject
Project("{FAE04EC0-301F-11D3-BF4B-00C04F79EFBC}") = "PNI.EShop.Service.API", "PNI.EShop.Service.API\PNI.EShop.Service.API.csproj", "{7714A3B3-1B41-44BC-B206-E402404AA716}"
EndProject
Project("{FAE04EC0-301F-11D3-BF4B-00C04F79EFBC}") = "PNI.EShop.Tests", "PNI.EShop.Tests\PNI.EShop.Tests.csproj", "{29A5400B-16E0-4164-9EB1-44ADA66AFF34}"
EndProject
Project("{FAE04EC0-301F-11D3-BF4B-00C04F79EFBC}") = "PNI.EShop.Infrastructure", "PNI.EShop.Infrastructure\PNI.EShop.Infrastructure.csproj", "{AD3FE0E1-3846-4752-83D9-9A96BBF2F7D2}"
EndProject
Global
	GlobalSection(SolutionConfigurationPlatforms) = preSolution
		Debug|Any CPU = Debug|Any CPU
		Debug|x64 = Debug|x64
		Release|Any CPU = Release|Any CPU
		Release|x64 = Release|x64
	EndGlobalSection
	GlobalSection(ProjectConfigurationPlatforms) = postSolution
		{5CDAB248-1169-44A4-B153-C78D9B42AD19}.Debug|Any CPU.ActiveCfg = Debug|Any CPU
		{5CDAB248-1169-44A4-B153-C78D9B42AD19}.Debug|Any CPU.Build.0 = Debug|Any CPU
		{5CDAB248-1169-44A4-B153-C78D9B42AD19}.Debug|x64.ActiveCfg = Debug|Any CPU
		{5CDAB248-1169-44A4-B153-C78D9B42AD19}.Debug|x64.Build.0 = Debug|Any CPU
		{5CDAB248-1169-44A4-B153-C78D9B42AD19}.Release|Any CPU.ActiveCfg = Release|Any CPU
		{5CDAB248-1169-44A4-B153-C78D9B42AD19}.Release|Any CPU.Build.0 = Release|Any CPU
		{5CDAB248-1169-44A4-B153-C78D9B42AD19}.Release|x64.ActiveCfg = Release|Any CPU
		{5CDAB248-1169-44A4-B153-C78D9B42AD19}.Release|x64.Build.0 = Release|Any CPU
		{BFAEA5EA-6DE5-4B7D-8070-C157B71E5DD2}.Debug|Any CPU.ActiveCfg = Debug|Any CPU
		{BFAEA5EA-6DE5-4B7D-8070-C157B71E5DD2}.Debug|Any CPU.Build.0 = Debug|Any CPU
		{BFAEA5EA-6DE5-4B7D-8070-C157B71E5DD2}.Debug|x64.ActiveCfg = Debug|Any CPU
		{BFAEA5EA-6DE5-4B7D-8070-C157B71E5DD2}.Debug|x64.Build.0 = Debug|Any CPU
		{BFAEA5EA-6DE5-4B7D-8070-C157B71E5DD2}.Release|Any CPU.ActiveCfg = Release|Any CPU
		{BFAEA5EA-6DE5-4B7D-8070-C157B71E5DD2}.Release|Any CPU.Build.0 = Release|Any CPU
		{BFAEA5EA-6DE5-4B7D-8070-C157B71E5DD2}.Release|x64.ActiveCfg = Release|Any CPU
		{BFAEA5EA-6DE5-4B7D-8070-C157B71E5DD2}.Release|x64.Build.0 = Release|Any CPU
		{DA0649E5-85A2-4871-974F-DED93F9B08A7}.Debug|Any CPU.ActiveCfg = Debug|Any CPU
		{DA0649E5-85A2-4871-974F-DED93F9B08A7}.Debug|Any CPU.Build.0 = Debug|Any CPU
		{DA0649E5-85A2-4871-974F-DED93F9B08A7}.Debug|x64.ActiveCfg = Debug|Any CPU
		{DA0649E5-85A2-4871-974F-DED93F9B08A7}.Debug|x64.Build.0 = Debug|Any CPU
		{DA0649E5-85A2-4871-974F-DED93F9B08A7}.Release|Any CPU.ActiveCfg = Release|Any CPU
		{DA0649E5-85A2-4871-974F-DED93F9B08A7}.Release|Any CPU.Build.0 = Release|Any CPU
		{DA0649E5-85A2-4871-974F-DED93F9B08A7}.Release|x64.ActiveCfg = Release|Any CPU
		{DA0649E5-85A2-4871-974F-DED93F9B08A7}.Release|x64.Build.0 = Release|Any CPU
		{9A30F35D-27BC-4FB2-9A6E-FE80B9F7EB8E}.Debug|Any CPU.ActiveCfg = Debug|Any CPU
		{9A30F35D-27BC-4FB2-9A6E-FE80B9F7EB8E}.Debug|Any CPU.Build.0 = Debug|Any CPU
		{9A30F35D-27BC-4FB2-9A6E-FE80B9F7EB8E}.Debug|x64.ActiveCfg = Debug|Any CPU
		{9A30F35D-27BC-4FB2-9A6E-FE80B9F7EB8E}.Debug|x64.Build.0 = Debug|Any CPU
		{9A30F35D-27BC-4FB2-9A6E-FE80B9F7EB8E}.Release|Any CPU.ActiveCfg = Release|Any CPU
		{9A30F35D-27BC-4FB2-9A6E-FE80B9F7EB8E}.Release|Any CPU.Build.0 = Release|Any CPU
		{9A30F35D-27BC-4FB2-9A6E-FE80B9F7EB8E}.Release|x64.ActiveCfg = Release|Any CPU
		{9A30F35D-27BC-4FB2-9A6E-FE80B9F7EB8E}.Release|x64.Build.0 = Release|Any CPU
		{FAD054BF-D1B2-4CC9-894C-B16844EAF02B}.Debug|Any CPU.ActiveCfg = Debug|x64
		{FAD054BF-D1B2-4CC9-894C-B16844EAF02B}.Debug|x64.ActiveCfg = Debug|x64
		{FAD054BF-D1B2-4CC9-894C-B16844EAF02B}.Debug|x64.Build.0 = Debug|x64
		{FAD054BF-D1B2-4CC9-894C-B16844EAF02B}.Debug|x64.Deploy.0 = Debug|x64
		{FAD054BF-D1B2-4CC9-894C-B16844EAF02B}.Release|Any CPU.ActiveCfg = Release|x64
		{FAD054BF-D1B2-4CC9-894C-B16844EAF02B}.Release|x64.ActiveCfg = Release|x64
		{FAD054BF-D1B2-4CC9-894C-B16844EAF02B}.Release|x64.Build.0 = Release|x64
		{FAD054BF-D1B2-4CC9-894C-B16844EAF02B}.Release|x64.Deploy.0 = Release|x64
		{7714A3B3-1B41-44BC-B206-E402404AA716}.Debug|Any CPU.ActiveCfg = Debug|Any CPU
		{7714A3B3-1B41-44BC-B206-E402404AA716}.Debug|Any CPU.Build.0 = Debug|Any CPU
		{7714A3B3-1B41-44BC-B206-E402404AA716}.Debug|x64.ActiveCfg = Debug|Any CPU
		{7714A3B3-1B41-44BC-B206-E402404AA716}.Debug|x64.Build.0 = Debug|Any CPU
		{7714A3B3-1B41-44BC-B206-E402404AA716}.Release|Any CPU.ActiveCfg = Release|Any CPU
		{7714A3B3-1B41-44BC-B206-E402404AA716}.Release|Any CPU.Build.0 = Release|Any CPU
		{7714A3B3-1B41-44BC-B206-E402404AA716}.Release|x64.ActiveCfg = Release|Any CPU
		{7714A3B3-1B41-44BC-B206-E402404AA716}.Release|x64.Build.0 = Release|Any CPU
	EndGlobalSection
	GlobalSection(SolutionProperties) = preSolution
		HideSolutionNode = FALSE
	EndGlobalSection
EndGlobal
