
Microsoft Visual Studio Solution File, Format Version 12.00
# Visual Studio 15
VisualStudioVersion = 15.0.26403.7
MinimumVisualStudioVersion = 10.0.40219.1
Project("{FAE04EC0-301F-11D3-BF4B-00C04F79EFBC}") = "PNI.EShop.UI", "PNI.EShop.UI\PNI.EShop.UI.csproj", "{5CDAB248-1169-44A4-B153-C78D9B42AD19}"
EndProject
Project("{FAE04EC0-301F-11D3-BF4B-00C04F79EFBC}") = "PNI.EShop.Core", "PNI.EShop.Core\PNI.EShop.Core.csproj", "{BFAEA5EA-6DE5-4B7D-8070-C157B71E5DD2}"
EndProject
Global
	GlobalSection(SolutionConfigurationPlatforms) = preSolution
		Debug|Any CPU = Debug|Any CPU
		Release|Any CPU = Release|Any CPU
	EndGlobalSection
	GlobalSection(ProjectConfigurationPlatforms) = postSolution
		{5CDAB248-1169-44A4-B153-C78D9B42AD19}.Debug|Any CPU.ActiveCfg = Debug|Any CPU
		{5CDAB248-1169-44A4-B153-C78D9B42AD19}.Debug|Any CPU.Build.0 = Debug|Any CPU
		{5CDAB248-1169-44A4-B153-C78D9B42AD19}.Release|Any CPU.ActiveCfg = Release|Any CPU
		{5CDAB248-1169-44A4-B153-C78D9B42AD19}.Release|Any CPU.Build.0 = Release|Any CPU
		{BFAEA5EA-6DE5-4B7D-8070-C157B71E5DD2}.Debug|Any CPU.ActiveCfg = Debug|Any CPU
		{BFAEA5EA-6DE5-4B7D-8070-C157B71E5DD2}.Debug|Any CPU.Build.0 = Debug|Any CPU
		{BFAEA5EA-6DE5-4B7D-8070-C157B71E5DD2}.Release|Any CPU.ActiveCfg = Release|Any CPU
		{BFAEA5EA-6DE5-4B7D-8070-C157B71E5DD2}.Release|Any CPU.Build.0 = Release|Any CPU
	EndGlobalSection
	GlobalSection(SolutionProperties) = preSolution
		HideSolutionNode = FALSE
	EndGlobalSection
EndGlobal
